
Microsoft Visual Studio Solution File, Format Version 12.00
# Visual Studio 2013
VisualStudioVersion = 12.0.31101.0
MinimumVisualStudioVersion = 10.0.40219.1
Project("{2150E333-8FDC-42A3-9474-1A3956D46DE8}") = "Solution Items", "Solution Items", "{0C942ECC-1DA6-4C9D-90B9-B1BBE0908E5D}"
	ProjectSection(SolutionItems) = preProject
		Description.txt = Description.txt
		doc.xml = doc.xml
		Raw.txt = Raw.txt
	EndProjectSection
EndProject
Project("{FAE04EC0-301F-11D3-BF4B-00C04F79EFBC}") = "Low", "Low\Low.csproj", "{A47BA854-C9AF-4D35-BD33-D9EFED10C942}"
EndProject
Project("{2150E333-8FDC-42A3-9474-1A3956D46DE8}") = "Regions", "Regions", "{664D5C0E-D9B7-4A16-922D-30DD3A03316F}"
EndProject
Project("{FAE04EC0-301F-11D3-BF4B-00C04F79EFBC}") = "WinApp", "WinApp\WinApp.csproj", "{B6C58663-BB5F-45EB-94CB-5A21F474BF66}"
EndProject
Project("{FAE04EC0-301F-11D3-BF4B-00C04F79EFBC}") = "Interfaces", "Interfaces\Interfaces.csproj", "{CFAADABA-87A5-45C4-8FE5-4C48956314FC}"
EndProject
Project("{FAE04EC0-301F-11D3-BF4B-00C04F79EFBC}") = "OutputScreen", "Regions\OutputScreen\OutputScreen.csproj", "{743F649D-E5D7-4F6C-90C6-4B86842715AC}"
EndProject
Project("{FAE04EC0-301F-11D3-BF4B-00C04F79EFBC}") = "SomeToolbar", "Regions\SomeToolbar\SomeToolbar.csproj", "{F161B403-DC21-4008-B9F1-5653985AC802}"
EndProject
Project("{2150E333-8FDC-42A3-9474-1A3956D46DE8}") = "Services", "Services", "{64590F1D-A6A1-4CFC-9877-CC5CF92B02CB}"
EndProject
Project("{FAE04EC0-301F-11D3-BF4B-00C04F79EFBC}") = "WorldService", "Services\World\WorldService.csproj", "{BFDAE637-D564-425E-93A0-30BC54D9A9BF}"
EndProject
Project("{FAE04EC0-301F-11D3-BF4B-00C04F79EFBC}") = "CnsService", "Services\CnsService\CnsService.csproj", "{4DE58512-02D8-41E9-BE66-FDF3B274BDC3}"
EndProject
Global
	GlobalSection(SolutionConfigurationPlatforms) = preSolution
		Debug|Any CPU = Debug|Any CPU
		Release|Any CPU = Release|Any CPU
	EndGlobalSection
	GlobalSection(ProjectConfigurationPlatforms) = postSolution
		{A47BA854-C9AF-4D35-BD33-D9EFED10C942}.Debug|Any CPU.ActiveCfg = Debug|Any CPU
		{A47BA854-C9AF-4D35-BD33-D9EFED10C942}.Debug|Any CPU.Build.0 = Debug|Any CPU
		{A47BA854-C9AF-4D35-BD33-D9EFED10C942}.Release|Any CPU.ActiveCfg = Release|Any CPU
		{A47BA854-C9AF-4D35-BD33-D9EFED10C942}.Release|Any CPU.Build.0 = Release|Any CPU
		{B6C58663-BB5F-45EB-94CB-5A21F474BF66}.Debug|Any CPU.ActiveCfg = Debug|Any CPU
		{B6C58663-BB5F-45EB-94CB-5A21F474BF66}.Debug|Any CPU.Build.0 = Debug|Any CPU
		{B6C58663-BB5F-45EB-94CB-5A21F474BF66}.Release|Any CPU.ActiveCfg = Release|Any CPU
		{B6C58663-BB5F-45EB-94CB-5A21F474BF66}.Release|Any CPU.Build.0 = Release|Any CPU
		{CFAADABA-87A5-45C4-8FE5-4C48956314FC}.Debug|Any CPU.ActiveCfg = Debug|Any CPU
		{CFAADABA-87A5-45C4-8FE5-4C48956314FC}.Debug|Any CPU.Build.0 = Debug|Any CPU
		{CFAADABA-87A5-45C4-8FE5-4C48956314FC}.Release|Any CPU.ActiveCfg = Release|Any CPU
		{CFAADABA-87A5-45C4-8FE5-4C48956314FC}.Release|Any CPU.Build.0 = Release|Any CPU
		{743F649D-E5D7-4F6C-90C6-4B86842715AC}.Debug|Any CPU.ActiveCfg = Debug|Any CPU
		{743F649D-E5D7-4F6C-90C6-4B86842715AC}.Debug|Any CPU.Build.0 = Debug|Any CPU
		{743F649D-E5D7-4F6C-90C6-4B86842715AC}.Release|Any CPU.ActiveCfg = Release|Any CPU
		{743F649D-E5D7-4F6C-90C6-4B86842715AC}.Release|Any CPU.Build.0 = Release|Any CPU
		{F161B403-DC21-4008-B9F1-5653985AC802}.Debug|Any CPU.ActiveCfg = Debug|Any CPU
		{F161B403-DC21-4008-B9F1-5653985AC802}.Debug|Any CPU.Build.0 = Debug|Any CPU
		{F161B403-DC21-4008-B9F1-5653985AC802}.Release|Any CPU.ActiveCfg = Release|Any CPU
		{F161B403-DC21-4008-B9F1-5653985AC802}.Release|Any CPU.Build.0 = Release|Any CPU
		{BFDAE637-D564-425E-93A0-30BC54D9A9BF}.Debug|Any CPU.ActiveCfg = Debug|Any CPU
		{BFDAE637-D564-425E-93A0-30BC54D9A9BF}.Debug|Any CPU.Build.0 = Debug|Any CPU
		{BFDAE637-D564-425E-93A0-30BC54D9A9BF}.Release|Any CPU.ActiveCfg = Release|Any CPU
		{BFDAE637-D564-425E-93A0-30BC54D9A9BF}.Release|Any CPU.Build.0 = Release|Any CPU
		{4DE58512-02D8-41E9-BE66-FDF3B274BDC3}.Debug|Any CPU.ActiveCfg = Debug|Any CPU
		{4DE58512-02D8-41E9-BE66-FDF3B274BDC3}.Debug|Any CPU.Build.0 = Debug|Any CPU
		{4DE58512-02D8-41E9-BE66-FDF3B274BDC3}.Release|Any CPU.ActiveCfg = Release|Any CPU
		{4DE58512-02D8-41E9-BE66-FDF3B274BDC3}.Release|Any CPU.Build.0 = Release|Any CPU
	EndGlobalSection
	GlobalSection(SolutionProperties) = preSolution
		HideSolutionNode = FALSE
	EndGlobalSection
	GlobalSection(NestedProjects) = preSolution
		{743F649D-E5D7-4F6C-90C6-4B86842715AC} = {664D5C0E-D9B7-4A16-922D-30DD3A03316F}
		{F161B403-DC21-4008-B9F1-5653985AC802} = {664D5C0E-D9B7-4A16-922D-30DD3A03316F}
		{BFDAE637-D564-425E-93A0-30BC54D9A9BF} = {64590F1D-A6A1-4CFC-9877-CC5CF92B02CB}
		{4DE58512-02D8-41E9-BE66-FDF3B274BDC3} = {64590F1D-A6A1-4CFC-9877-CC5CF92B02CB}
	EndGlobalSection
EndGlobal
